{
  "requires": true,
  "lockfileVersion": 1,
  "dependencies": {
    "js-plugin-circliful": {
      "version": "2.0.15",
      "resolved": "https://registry.npmjs.org/js-plugin-circliful/-/js-plugin-circliful-2.0.15.tgz",
      "integrity": "sha512-202O45xrmbjSV9t1XyjaAcTMevVipgvB6LI6E+b7+invWLcNDRmMUDwIfnMs2mIJuxeyVN/QXgJVqIcIwT7N8g=="
    }
  }
}
